# THIS IS AN AUTOGENERATED FILE. DO NOT EDIT THIS FILE DIRECTLY.
# yarn lockfile v1


"@prisma/bar@^0.0.0":
  version "0.0.0"
  resolved "https://registry.yarnpkg.com/@prisma/bar/-/bar-0.0.0.tgz#9daff159a1a09abf7665a8b6e40ddc1fdc1ed4f7"
  integrity sha512-3nez9n/vMyAr4+nmqj6Xh3cGZbreYHr3RWX0vgtrFRpiN6otuCzL+9HW8MW/DfZNuFz5YyIdfwnRSPueUZPoWQ==

"@prisma/cli@2.10.0-dev.61":
  version "2.10.0-dev.61"
  resolved "https://registry.yarnpkg.com/@prisma/cli/-/cli-2.10.0-dev.61.tgz#53cd1aaae58836c24e3afba0f3b8fb224b3d10d7"
  integrity sha512-fH8Mm0Gq2LlEA7+L/SADhOSrp6jIHQMBxd9Aj+D4L7gucNDRPKQSTWdLxGp/3dC+/m792rGa8T6uj9sesOO0Gg==
  dependencies:
    "@prisma/bar" "^0.0.0"
    "@prisma/engines" "2.10.0-caed13349359327ddc4e0e9d20ce553f10bb958c"

"@prisma/client@2.10.0-dev.61":
  version "2.10.0-dev.61"
  resolved "https://registry.yarnpkg.com/@prisma/client/-/client-2.10.0-dev.61.tgz#3cfe470433dc35002f18630e8e541f2b61a724fe"
  integrity sha512-HSasD7TGpwDYsqvR+95qYLxOm37ajnfHQ0Mkuod6wA/zEPkgEYOLrN5+DDjJQa+5u9P3WUns0zET4ZzhoTg1ig==
  dependencies:
    "@prisma/engines-version" "2.10.0-caed13349359327ddc4e0e9d20ce553f10bb958c"

"@prisma/engines-version@2.10.0-caed13349359327ddc4e0e9d20ce553f10bb958c":
  version "2.10.0-caed13349359327ddc4e0e9d20ce553f10bb958c"
  resolved "https://registry.yarnpkg.com/@prisma/engines-version/-/engines-version-2.10.0-caed13349359327ddc4e0e9d20ce553f10bb958c.tgz#51caf6e4ffe1e18f8d2e4c19eb80a72832650fba"
  integrity sha512-kkJiF+2fR2xcpX3ob8MBNpcGPWFnXKjBKReBrFPRfKlhnp5oDId8/WW9sC2q+1OyrkIP/kNrUmydD5z7Xi+3dw==

"@prisma/engines@2.10.0-caed13349359327ddc4e0e9d20ce553f10bb958c":
  version "2.10.0-caed13349359327ddc4e0e9d20ce553f10bb958c"
  resolved "https://registry.yarnpkg.com/@prisma/engines/-/engines-2.10.0-caed13349359327ddc4e0e9d20ce553f10bb958c.tgz#2db1cf8dd09f574ee8cb253910c19447bd739b43"
  integrity sha512-/gCsEJvSqnH3p8XhCgbxFckW9yXff67pKnazjJQRcOlEx7wI7WryS2I4ZvvrlDMAK3n4YS7HhP9elS0zYmzKkw==
